
Microsoft Visual Studio Solution File, Format Version 12.00
# Visual Studio 15
VisualStudioVersion = 15.0.27428.2005
MinimumVisualStudioVersion = 10.0.40219.1
Project("{FAE04EC0-301F-11D3-BF4B-00C04F79EFBC}") = "MvcMovie", "MvcMovie\MvcMovie.csproj", "{599E60E5-F70C-4651-8AAC-C55F68A341F3}"
EndProject
Project("{FAE04EC0-301F-11D3-BF4B-00C04F79EFBC}") = "ContosoUniversity", "ContosoUniversity\ContosoUniversity.csproj", "{AC7FFD8B-417B-4C29-835F-326885D0B954}"
EndProject
Global
	GlobalSection(SolutionConfigurationPlatforms) = preSolution
		Debug|Any CPU = Debug|Any CPU
		Release|Any CPU = Release|Any CPU
	EndGlobalSection
	GlobalSection(ProjectConfigurationPlatforms) = postSolution
		{599E60E5-F70C-4651-8AAC-C55F68A341F3}.Debug|Any CPU.ActiveCfg = Debug|Any CPU
		{599E60E5-F70C-4651-8AAC-C55F68A341F3}.Debug|Any CPU.Build.0 = Debug|Any CPU
		{599E60E5-F70C-4651-8AAC-C55F68A341F3}.Release|Any CPU.ActiveCfg = Release|Any CPU
		{599E60E5-F70C-4651-8AAC-C55F68A341F3}.Release|Any CPU.Build.0 = Release|Any CPU
		{AC7FFD8B-417B-4C29-835F-326885D0B954}.Debug|Any CPU.ActiveCfg = Debug|Any CPU
		{AC7FFD8B-417B-4C29-835F-326885D0B954}.Debug|Any CPU.Build.0 = Debug|Any CPU
		{AC7FFD8B-417B-4C29-835F-326885D0B954}.Release|Any CPU.ActiveCfg = Release|Any CPU
		{AC7FFD8B-417B-4C29-835F-326885D0B954}.Release|Any CPU.Build.0 = Release|Any CPU
	EndGlobalSection
	GlobalSection(SolutionProperties) = preSolution
		HideSolutionNode = FALSE
	EndGlobalSection
	GlobalSection(ExtensibilityGlobals) = postSolution
		SolutionGuid = {BFD04A5D-5CC3-4003-9C84-EF84CD30C397}
	EndGlobalSection
EndGlobal
